{
  "nodes": {
    "nixpkgs": {
      "locked": {
        "lastModified": 1738958807,
        "narHash": "sha256-h0WKgHTLkjwjRNTkqByQquS7N/15SqIFMQ356Ww8uCA=",
        "owner": "NixOS",
        "repo": "nixpkgs",
        "rev": "e8d0b02af0958823c955aaab3c82b03f54411d91",
        "type": "github"
      },
      "original": {
        "owner": "NixOS",
        "ref": "nixpkgs-unstable",
        "repo": "nixpkgs",
        "type": "github"
      }
    },
    "root": {
      "inputs": {
        "nixpkgs": "nixpkgs",
        "zmk-nix": "zmk-nix"
      }
    },
    "zmk-nix": {
      "inputs": {
        "nixpkgs": [
          "nixpkgs"
        ]
      },
      "locked": {
        "lastModified": 1738714026,
        "narHash": "sha256-xMfoGxRXFavRJMFe4VlUTFAVfwQ5sc9RR6gIDj2rApQ=",
        "owner": "lilyinstarlight",
        "repo": "zmk-nix",
        "rev": "baf6ebe8f553e7c2964dcd860b405391c19e06b0",
        "type": "github"
      },
      "original": {
        "owner": "lilyinstarlight",
        "repo": "zmk-nix",
        "type": "github"
      }
    }
  },
  "root": "root",
  "version": 7
}
